{
  "nodes": {
    "agda": {
      "inputs": {
        "flake-utils": [
          "flake-utils"
        ],
        "nixpkgs": [
          "nixpkgs"
        ]
      },
      "locked": {
        "lastModified": 1667069483,
        "narHash": "sha256-/CTtf0xQ1IcExhw3wVtYfig4mIdV6D9cFebg+mqDnVk=",
        "owner": "agda",
        "repo": "agda",
        "rev": "4d36cb37f8bfb765339b808b13356d760aa6f0ec",
        "type": "github"
      },
      "original": {
        "owner": "agda",
        "repo": "agda",
        "rev": "4d36cb37f8bfb765339b808b13356d760aa6f0ec",
        "type": "github"
      }
    },
    "agda-stdlib": {
      "flake": false,
      "locked": {
        "lastModified": 1667069530,
        "narHash": "sha256-l2+8myyJSufXpt1Opf65AJaTMiHMDeYYbuvkvzbCjDo=",
        "owner": "agda",
        "repo": "agda-stdlib",
        "rev": "236275218f01f8e65c4ea46c1fce1a9d0bca6fd1",
        "type": "github"
      },
      "original": {
        "owner": "agda",
        "ref": "experimental",
        "repo": "agda-stdlib",
        "type": "github"
      }
    },
    "flake-compat": {
      "flake": false,
      "locked": {
        "lastModified": 1668681692,
        "narHash": "sha256-Ht91NGdewz8IQLtWZ9LCeNXMSXHUss+9COoqu6JLmXU=",
        "owner": "edolstra",
        "repo": "flake-compat",
        "rev": "009399224d5e398d03b22badca40a37ac85412a1",
        "type": "github"
      },
      "original": {
        "owner": "edolstra",
        "repo": "flake-compat",
        "type": "github"
      }
    },
    "flake-utils": {
      "locked": {
        "lastModified": 1667395993,
        "narHash": "sha256-nuEHfE/LcWyuSWnS8t12N1wc105Qtau+/OdUAjtQ0rA=",
        "owner": "numtide",
        "repo": "flake-utils",
        "rev": "5aed5285a952e0b949eb3ba02c12fa4fcfef535f",
        "type": "github"
      },
      "original": {
        "owner": "numtide",
        "repo": "flake-utils",
        "type": "github"
      }
    },
    "nixpkgs": {
      "locked": {
        "lastModified": 1673606088,
        "narHash": "sha256-wdYD41UwNwPhTdMaG0AIe7fE1bAdyHe6bB4HLUqUvck=",
        "owner": "NixOS",
        "repo": "nixpkgs",
        "rev": "37b97ae3dd714de9a17923d004a2c5b5543dfa6d",
        "type": "github"
      },
      "original": {
        "owner": "NixOS",
        "ref": "nixpkgs-unstable",
        "repo": "nixpkgs",
        "type": "github"
      }
    },
    "root": {
      "inputs": {
        "agda": "agda",
        "agda-stdlib": "agda-stdlib",
        "flake-compat": "flake-compat",
        "flake-utils": "flake-utils",
        "nixpkgs": "nixpkgs"
      }
    }
  },
  "root": "root",
  "version": 7
}
