{
  "nodes": {
    "agda": {
      "inputs": {
        "flake-utils": [
          "flake-utils"
        ],
        "nixpkgs": [
          "nixpkgs"
        ]
      },
      "locked": {
        "lastModified": 1691269274,
        "narHash": "sha256-50AftPkM7m51KjvWZM2c1jqxXu6k3HNuYMh5WnCkuFc=",
        "owner": "agda",
        "repo": "agda",
        "rev": "d4e6bf47156784efc1e74d0f0f2eeadc90a5611b",
        "type": "github"
      },
      "original": {
        "owner": "agda",
        "ref": "v2.6.3.20230805",
        "repo": "agda",
        "type": "github"
      }
    },
    "agda-stdlib-source": {
      "flake": false,
      "locked": {
        "lastModified": 1675217091,
        "narHash": "sha256-vvbyfC5+Yyx18IDikSbAAcTHHtU6krlz45Fd2YlwsBg=",
        "owner": "agda",
        "repo": "agda-stdlib",
        "rev": "b2e6385c1636897dbee0b10f7194376ff2c1753b",
        "type": "github"
      },
      "original": {
        "owner": "agda",
        "ref": "v1.7.2",
        "repo": "agda-stdlib",
        "type": "github"
      }
    },
    "flake-compat": {
      "flake": false,
      "locked": {
        "lastModified": 1673956053,
        "narHash": "sha256-4gtG9iQuiKITOjNQQeQIpoIB6b16fm+504Ch3sNKLd8=",
        "owner": "edolstra",
        "repo": "flake-compat",
        "rev": "35bb57c0c8d8b62bbfd284272c928ceb64ddbde9",
        "type": "github"
      },
      "original": {
        "owner": "edolstra",
        "repo": "flake-compat",
        "type": "github"
      }
    },
    "flake-utils": {
      "inputs": {
        "systems": "systems"
      },
      "locked": {
        "lastModified": 1692799911,
        "narHash": "sha256-3eihraek4qL744EvQXsK1Ha6C3CR7nnT8X2qWap4RNk=",
        "owner": "numtide",
        "repo": "flake-utils",
        "rev": "f9e7cf818399d17d347f847525c5a5a8032e4e44",
        "type": "github"
      },
      "original": {
        "owner": "numtide",
        "repo": "flake-utils",
        "type": "github"
      }
    },
    "nixpkgs": {
      "locked": {
        "lastModified": 1693844670,
        "narHash": "sha256-t69F2nBB8DNQUWHD809oJZJVE+23XBrth4QZuVd6IE0=",
        "owner": "NixOS",
        "repo": "nixpkgs",
        "rev": "3c15feef7770eb5500a4b8792623e2d6f598c9c1",
        "type": "github"
      },
      "original": {
        "owner": "NixOS",
        "ref": "nixpkgs-unstable",
        "repo": "nixpkgs",
        "type": "github"
      }
    },
    "root": {
      "inputs": {
        "agda": "agda",
        "agda-stdlib-source": "agda-stdlib-source",
        "flake-compat": "flake-compat",
        "flake-utils": "flake-utils",
        "nixpkgs": "nixpkgs"
      }
    },
    "systems": {
      "locked": {
        "lastModified": 1681028828,
        "narHash": "sha256-Vy1rq5AaRuLzOxct8nz4T6wlgyUR7zLU309k9mBC768=",
        "owner": "nix-systems",
        "repo": "default",
        "rev": "da67096a3b9bf56a91d16901293e51ba5b49a27e",
        "type": "github"
      },
      "original": {
        "owner": "nix-systems",
        "repo": "default",
        "type": "github"
      }
    }
  },
  "root": "root",
  "version": 7
}
