# This file was autogenerated by Stack.
# You should not edit this file by hand.
# For more information, please see the documentation at:
#   https://docs.haskellstack.org/en/stable/lock_files

packages:
- completed:
    hackage: nvim-hs-2.2.0.0@sha256:df5892a4db9056cb8a1704500b466412095e7b047d6952b0b6e5a1bb2318aeaf,7632
    pantry-tree:
      size: 3030
      sha256: 06e59dd210cfdf830cc405ebc5d91cb6f9a0c66b81e113b89d5b26f3c6d14453
  original:
    hackage: nvim-hs-2.2.0.0
snapshots:
- completed:
    size: 586286
    url: https://raw.githubusercontent.com/commercialhaskell/stackage-snapshots/master/lts/18/16.yaml
    sha256: cdead65fca0323144b346c94286186f4969bf85594d649c49c7557295675d8a5
  original: lts-18.16
