# This file was autogenerated by Stack.
# You should not edit this file by hand.
# For more information, please see the documentation at:
#   https://docs.haskellstack.org/en/stable/lock_files

packages:
- completed:
    hackage: diff-loc-0.1.0.0@sha256:235a8e974da0a40f390186ff406200d99d3f3513a70eb24f28bca21ed0bacccf,1097
    pantry-tree:
      size: 756
      sha256: 96f1b6135db04bac3491cc40d168c4fa62bd6591e0bffd2976f305d244fd06ba
  original:
    hackage: diff-loc-0.1.0.0
- completed:
    hackage: levenshtein-0.2.1.0@sha256:3378358365f26dec549289f741338cc44470aef3f9de85e662b2646fe6b4fb47,2123
    pantry-tree:
      size: 527
      sha256: 3e434189fe6cb6eaf1a995f913fb9884c05f0e57b4e3a449eb455c42a4992232
  original:
    hackage: levenshtein-0.2.1.0
snapshots:
- completed:
    size: 649315
    url: https://raw.githubusercontent.com/commercialhaskell/stackage-snapshots/master/lts/20/6.yaml
    sha256: 4905c93319aa94aa53da8f41d614d7bacdbfe6c63a8c6132d32e6e62f24a9af4
  original: lts-20.6
