# This file was autogenerated by Stack.
# You should not edit this file by hand.
# For more information, please see the documentation at:
#   https://docs.haskellstack.org/en/stable/lock_files

packages:
- completed:
    hackage: nvim-hs-2.1.0.7@sha256:79e70280c8f59b6352d9625360a731a9a94685566282e6f7b33d5003cd7791d5,7632
    pantry-tree:
      size: 3030
      sha256: 002cf3614dc619de5fff63d5c24bdec2edfd9438103cdf46a103f2db9400d719
  original:
    hackage: nvim-hs-2.1.0.7
snapshots:
- completed:
    size: 586286
    url: https://raw.githubusercontent.com/commercialhaskell/stackage-snapshots/master/lts/18/16.yaml
    sha256: cdead65fca0323144b346c94286186f4969bf85594d649c49c7557295675d8a5
  original: lts-18.16
